lockfileVersion: 5.3

specifiers:
  '@types/node': ^17.0.23
  '@vitejs/plugin-vue': ^2.2.0
  element-plus: ^2.1.4
  html2canvas: ^1.4.1
  sass: ^1.49.9
  typescript: ^4.5.4
  unplugin-auto-import: ^0.6.6
  unplugin-element-plus: ^0.3.2
  unplugin-vue-components: ^0.18.4
  vite: ^2.8.0
  vue: ^3.2.25
  vue-tsc: ^0.29.8

dependencies:
  element-plus: 2.1.4_vue@3.2.31
  html2canvas: 1.4.1
  vue: 3.2.31

devDependencies:
  '@types/node': 17.0.23
  '@vitejs/plugin-vue': 2.2.4_vite@2.8.6+vue@3.2.31
  sass: 1.49.9
  typescript: 4.6.2
  unplugin-auto-import: 0.6.6_vite@2.8.6
  unplugin-element-plus: 0.3.2_vite@2.8.6
  unplugin-vue-components: 0.18.4_vite@2.8.6+vue@3.2.31
  vite: 2.8.6_sass@1.49.9
  vue-tsc: 0.29.8_typescript@4.6.2

packages:

  /@antfu/utils/0.5.0:
    resolution: {integrity: sha1-sxaUKZl8uHhQ5UPLdGYPni/tfv0=}
    dev: true

  /@babel/helper-validator-identifier/7.16.7:
    resolution: {integrity: sha1-6MYCQ4xKgZV1EkPakDHRYH0kfK0=}
    engines: {node: '>=6.9.0'}
    dev: true

  /@babel/parser/7.17.7:
    resolution: {integrity: sha1-/Bm2RaVFbI1v22zs08ZsAXOQKAA=}
    engines: {node: '>=6.0.0'}
    hasBin: true

  /@babel/types/7.17.0:
    resolution: {integrity: sha1-qCbjaLzLaz2ErNdqytXA2HNCOQs=}
    engines: {node: '>=6.9.0'}
    dependencies:
      '@babel/helper-validator-identifier': 7.16.7
      to-fast-properties: 2.0.0
    dev: true

  /@ctrl/tinycolor/3.4.0:
    resolution: {integrity: sha1-w8WuVDyJfKqcKmhjC+01W+X5mQ8=}
    engines: {node: '>=10'}
    dev: false

  /@element-plus/icons-vue/1.1.4_vue@3.2.31:
    resolution: {integrity: sha1-XSeI6jVvFFgGjm1ADnJMpfPSmso=}
    peerDependencies:
      vue: ^3.2.0
    dependencies:
      vue: 3.2.31
    dev: false

  /@emmetio/abbreviation/2.2.3:
    resolution: {integrity: sha1-KzwDg8GkZS9nfVtW+z8WFv4W7xA=}
    dependencies:
      '@emmetio/scanner': 1.0.0
    dev: true

  /@emmetio/css-abbreviation/2.1.4:
    resolution: {integrity: sha1-kDYuihEizjt29sMVeQfTAYL1P1Q=}
    dependencies:
      '@emmetio/scanner': 1.0.0
    dev: true

  /@emmetio/scanner/1.0.0:
    resolution: {integrity: sha1-Blsq9iM/50dNRII+PeuJckr0K18=}
    dev: true

  /@nodelib/fs.scandir/2.1.5:
    resolution: {integrity: sha1-dhnC6yGyVIP20WdUi0z9WnSIw9U=, tarball: '@nodelib/fs.scandir/download/@nodelib/fs.scandir-2.1.5.tgz'}
    engines: {node: '>= 8'}
    dependencies:
      '@nodelib/fs.stat': 2.0.5
      run-parallel: 1.2.0
    dev: true

  /@nodelib/fs.stat/2.0.5:
    resolution: {integrity: sha1-W9Jir5Tp0lvR5xsF3u1Eh2oiLos=}
    engines: {node: '>= 8'}
    dev: true

  /@nodelib/fs.walk/1.2.8:
    resolution: {integrity: sha1-6Vc36LtnRt3t9pxVaVNJTxlv5po=}
    engines: {node: '>= 8'}
    dependencies:
      '@nodelib/fs.scandir': 2.1.5
      fastq: 1.13.0
    dev: true

  /@popperjs/core/2.11.4:
    resolution: {integrity: sha1-2Me425Im0tdmRVOgdBrX0Dl+5QM=}
    dev: false

  /@rollup/pluginutils/4.2.0:
    resolution: {integrity: sha1-oUu9BY/bugpWRxQ7Fu0NhvtgvQg=}
    engines: {node: '>= 8.0.0'}
    dependencies:
      estree-walker: 2.0.2
      picomatch: 2.3.1
    dev: true

  /@types/node/17.0.23:
    resolution: {integrity: sha1-O0Gm5kNYmsZEK9vXpKPe1i8z99o=}
    dev: true

  /@vitejs/plugin-vue/2.2.4_vite@2.8.6+vue@3.2.31:
    resolution: {integrity: sha1-q4sZnKgklrBdJlTF80/8+blHJD0=}
    engines: {node: '>=12.0.0'}
    peerDependencies:
      vite: ^2.5.10
      vue: ^3.2.25
    dependencies:
      vite: 2.8.6_sass@1.49.9
      vue: 3.2.31
    dev: true

  /@volar/code-gen/0.29.8:
    resolution: {integrity: sha1-2xpL8pyuuhMSZb7Z2+lqGgtm6jU=, tarball: '@volar/code-gen/download/@volar/code-gen-0.29.8.tgz'}
    dependencies:
      '@volar/shared': 0.29.8
      '@volar/source-map': 0.29.8
    dev: true

  /@volar/html2pug/0.29.8:
    resolution: {integrity: sha1-Lpf6KWjc3+DbvGewzSq0xEABhzg=, tarball: '@volar/html2pug/download/@volar/html2pug-0.29.8.tgz'}
    dependencies:
      domelementtype: 2.2.0
      domhandler: 4.3.0
      htmlparser2: 7.2.0
      pug: 3.0.2
    dev: true

  /@volar/shared/0.29.8:
    resolution: {integrity: sha1-5jXd8svPMH2pMutLmOM8Mg09KZE=, tarball: '@volar/shared/download/@volar/shared-0.29.8.tgz'}
    dependencies:
      upath: 2.0.1
      vscode-jsonrpc: 8.0.0-next.7
      vscode-uri: 3.0.3
    dev: true

  /@volar/source-map/0.29.8:
    resolution: {integrity: sha1-MpmgroauC3K02z5QSZ2LsoXY6bI=, tarball: '@volar/source-map/download/@volar/source-map-0.29.8.tgz'}
    dependencies:
      '@volar/shared': 0.29.8
    dev: true

  /@volar/transforms/0.29.8:
    resolution: {integrity: sha1-74BwEKyQdyoGXnz1BQm2QztT41U=, tarball: '@volar/transforms/download/@volar/transforms-0.29.8.tgz'}
    dependencies:
      '@volar/shared': 0.29.8
      vscode-languageserver: 8.0.0-next.9
    dev: true

  /@volar/vue-code-gen/0.29.8:
    resolution: {integrity: sha1-MkAdUuJXDXdfzGy8g6vv7vZcSM0=, tarball: '@volar/vue-code-gen/download/@volar/vue-code-gen-0.29.8.tgz'}
    dependencies:
      '@volar/code-gen': 0.29.8
      '@volar/shared': 0.29.8
      '@volar/source-map': 0.29.8
      '@vue/compiler-core': 3.2.31
      '@vue/compiler-dom': 3.2.31
      '@vue/shared': 3.2.31
      upath: 2.0.1
    dev: true

  /@vscode/emmet-helper/2.8.4:
    resolution: {integrity: sha1-q5N+POebCHPGBNGtUKnut6uuKTc=}
    dependencies:
      emmet: 2.3.6
      jsonc-parser: 2.3.1
      vscode-languageserver-textdocument: 1.0.4
      vscode-languageserver-types: 3.16.0
      vscode-nls: 5.0.0
      vscode-uri: 2.1.2
    dev: true

  /@vue/compiler-core/3.2.31:
    resolution: {integrity: sha1-048Gws+EV0JAO1I6tFlqP9oVLok=}
    dependencies:
      '@babel/parser': 7.17.7
      '@vue/shared': 3.2.31
      estree-walker: 2.0.2
      source-map: 0.6.1

  /@vue/compiler-dom/3.2.31:
    resolution: {integrity: sha1-sbffrVXJbIzCuRnNfrX9fk3b8A4=}
    dependencies:
      '@vue/compiler-core': 3.2.31
      '@vue/shared': 3.2.31

  /@vue/compiler-sfc/3.2.31:
    resolution: {integrity: sha1-0Cspw/401ZmlLFrhxpN7TWnxHC8=}
    dependencies:
      '@babel/parser': 7.17.7
      '@vue/compiler-core': 3.2.31
      '@vue/compiler-dom': 3.2.31
      '@vue/compiler-ssr': 3.2.31
      '@vue/reactivity-transform': 3.2.31
      '@vue/shared': 3.2.31
      estree-walker: 2.0.2
      magic-string: 0.25.9
      postcss: 8.4.11
      source-map: 0.6.1
    dev: false

  /@vue/compiler-ssr/3.2.31:
    resolution: {integrity: sha1-T6APSGycRYC0CkF3hx671lDsuZw=}
    dependencies:
      '@vue/compiler-dom': 3.2.31
      '@vue/shared': 3.2.31
    dev: false

  /@vue/reactivity-transform/3.2.31:
    resolution: {integrity: sha1-D1slwk5w7asrYT1TBcRltQ/ACRE=}
    dependencies:
      '@babel/parser': 7.17.7
      '@vue/compiler-core': 3.2.31
      '@vue/shared': 3.2.31
      estree-walker: 2.0.2
      magic-string: 0.25.9
    dev: false

  /@vue/reactivity/3.2.31:
    resolution: {integrity: sha1-/JCqLN9pVBi3nlNHg6ypDWOka70=}
    dependencies:
      '@vue/shared': 3.2.31

  /@vue/runtime-core/3.2.31:
    resolution: {integrity: sha1-nShMOC9fmBt6e1lxBSodxO85rHo=}
    dependencies:
      '@vue/reactivity': 3.2.31
      '@vue/shared': 3.2.31
    dev: false

  /@vue/runtime-dom/3.2.31:
    resolution: {integrity: sha1-ec4BgXyzyvLJ2SP2abc40teVPv8=}
    dependencies:
      '@vue/runtime-core': 3.2.31
      '@vue/shared': 3.2.31
      csstype: 2.6.20
    dev: false

  /@vue/server-renderer/3.2.31_vue@3.2.31:
    resolution: {integrity: sha1-IB6dbOc1hH1ZiUA6+B74CWDacUE=}
    peerDependencies:
      vue: 3.2.31
    dependencies:
      '@vue/compiler-ssr': 3.2.31
      '@vue/shared': 3.2.31
      vue: 3.2.31
    dev: false

  /@vue/shared/3.2.31:
    resolution: {integrity: sha1-yQ3nEm2DPc06THU01TS+L7Qfqk4=}

  /@vueuse/core/8.1.2_vue@3.2.31:
    resolution: {integrity: sha1-MVPUdmsHpki/vdAVWejTsg/abrU=}
    peerDependencies:
      '@vue/composition-api': ^1.1.0
      vue: ^2.6.0 || ^3.2.0
    peerDependenciesMeta:
      '@vue/composition-api':
        optional: true
      vue:
        optional: true
    dependencies:
      '@vueuse/metadata': 8.1.2
      '@vueuse/shared': 8.1.2_vue@3.2.31
      vue: 3.2.31
      vue-demi: 0.12.4_vue@3.2.31
    dev: false

  /@vueuse/metadata/8.1.2:
    resolution: {integrity: sha1-TgcH3nV1/yZUhMEi8rhfQPEcQ8c=}
    dev: false

  /@vueuse/shared/8.1.2_vue@3.2.31:
    resolution: {integrity: sha1-aFZKqBrKM09iUgmPAuTgqXFcBYU=}
    peerDependencies:
      '@vue/composition-api': ^1.1.0
      vue: ^2.6.0 || ^3.2.0
    peerDependenciesMeta:
      '@vue/composition-api':
        optional: true
      vue:
        optional: true
    dependencies:
      vue: 3.2.31
      vue-demi: 0.12.4_vue@3.2.31
    dev: false

  /acorn/7.4.1:
    resolution: {integrity: sha1-/q7SVZc9LndVW4PbwIhRpsY1IPo=}
    engines: {node: '>=0.4.0'}
    hasBin: true
    dev: true

  /anymatch/3.1.2:
    resolution: {integrity: sha1-wFV8CWrzLxBhmPT04qODU343hxY=}
    engines: {node: '>= 8'}
    dependencies:
      normalize-path: 3.0.0
      picomatch: 2.3.1
    dev: true

  /asap/2.0.6:
    resolution: {integrity: sha1-5QNHYR1+aQlDIIu9r+vLwvuGbUY=}
    dev: true

  /assert-never/1.2.1:
    resolution: {integrity: sha1-EfDjY78UYgX7CBk7XHuQ9NHPRP4=}
    dev: true

  /async-validator/4.0.7:
    resolution: {integrity: sha1-A0oP0hA6ay6/AQ2nUYO+wpkkev4=}
    dev: false

  /babel-walk/3.0.0-canary-5:
    resolution: {integrity: sha1-9m7Ncpg1eu5ElV8jWm71QhkQSxE=, tarball: babel-walk/download/babel-walk-3.0.0-canary-5.tgz}
    engines: {node: '>= 10.0.0'}
    dependencies:
      '@babel/types': 7.17.0
    dev: true

  /balanced-match/1.0.2:
    resolution: {integrity: sha1-6D46fj8wCzTLnYf2FfoMvzV2kO4=}
    dev: true

  /base64-arraybuffer/1.0.2:
    resolution: {integrity: sha1-HDdYmnxLB0bjS9H+uVHaLfAcG9w=}
    engines: {node: '>= 0.6.0'}
    dev: false

  /binary-extensions/2.2.0:
    resolution: {integrity: sha1-dfUC7q+f/eQvyYgpZFvk6na9ni0=}
    engines: {node: '>=8'}
    dev: true

  /brace-expansion/2.0.1:
    resolution: {integrity: sha1-HtxFng8MVISG7Pn8mfIiE2S5oK4=}
    dependencies:
      balanced-match: 1.0.2
    dev: true

  /braces/3.0.2:
    resolution: {integrity: sha1-NFThpGLujVmeI23zNs2epPiv4Qc=}
    engines: {node: '>=8'}
    dependencies:
      fill-range: 7.0.1
    dev: true

  /call-bind/1.0.2:
    resolution: {integrity: sha1-sdTonmiBGcPJqQOtMKuy9qkZvjw=}
    dependencies:
      function-bind: 1.1.1
      get-intrinsic: 1.1.1
    dev: true

  /character-parser/2.2.0:
    resolution: {integrity: sha1-x84o821LzZdE5f/CxfzeHHMmH8A=}
    dependencies:
      is-regex: 1.1.4
    dev: true

  /chokidar/3.5.3:
    resolution: {integrity: sha1-HPN8hwe5Mr0a8a4iwEMuKs0ZA70=}
    engines: {node: '>= 8.10.0'}
    dependencies:
      anymatch: 3.1.2
      braces: 3.0.2
      glob-parent: 5.1.2
      is-binary-path: 2.1.0
      is-glob: 4.0.3
      normalize-path: 3.0.0
      readdirp: 3.6.0
    optionalDependencies:
      fsevents: 2.3.2
    dev: true

  /constantinople/4.0.1:
    resolution: {integrity: sha1-De8RP6Dk3I3oMzGlz3nIsyUhMVE=}
    dependencies:
      '@babel/parser': 7.17.7
      '@babel/types': 7.17.0
    dev: true

  /css-line-break/2.1.0:
    resolution: {integrity: sha1-v+9mDfpvU5fqVBFrs8tIc+28T6A=}
    dependencies:
      utrie: 1.0.2
    dev: false

  /csstype/2.6.20:
    resolution: {integrity: sha1-kinGXqCyYM9NPZl8sGKI42qNbdo=}
    dev: false

  /dayjs/1.11.0:
    resolution: {integrity: sha1-AJv37y4uotXbLmWD0tOaS1Bh6AU=}
    dev: false

  /debug/4.3.4:
    resolution: {integrity: sha1-Exn2V5NX8jONMzfSzdSRS7XcyGU=}
    engines: {node: '>=6.0'}
    peerDependencies:
      supports-color: '*'
    peerDependenciesMeta:
      supports-color:
        optional: true
    dependencies:
      ms: 2.1.2
    dev: true

  /doctypes/1.1.0:
    resolution: {integrity: sha1-6oCxBqh1OHdOijpKWv4pPeSJ4Kk=}
    dev: true

  /dom-serializer/1.3.2:
    resolution: {integrity: sha1-YgZDfTLO767HFhgDIwx6ILwbTZE=}
    dependencies:
      domelementtype: 2.2.0
      domhandler: 4.3.0
      entities: 2.2.0
    dev: true

  /domelementtype/2.2.0:
    resolution: {integrity: sha1-mgtsJ4LtahxzI9QiZxg9+b2LHVc=}
    dev: true

  /domhandler/4.3.0:
    resolution: {integrity: sha1-FsZYxibPlmln4wb5ZrQx931KViY=}
    engines: {node: '>= 4'}
    dependencies:
      domelementtype: 2.2.0
    dev: true

  /domutils/2.8.0:
    resolution: {integrity: sha1-RDfe9dtuLR9dbuhZvZXKfQIEgTU=}
    dependencies:
      dom-serializer: 1.3.2
      domelementtype: 2.2.0
      domhandler: 4.3.0
    dev: true

  /element-plus/2.1.4_vue@3.2.31:
    resolution: {integrity: sha1-Uq1TLVx8MhgiJEvRL/XAO6biJjI=}
    peerDependencies:
      vue: ^3.2.0
    dependencies:
      '@ctrl/tinycolor': 3.4.0
      '@element-plus/icons-vue': 1.1.4_vue@3.2.31
      '@popperjs/core': 2.11.4
      '@vueuse/core': 8.1.2_vue@3.2.31
      async-validator: 4.0.7
      dayjs: 1.11.0
      escape-html: 1.0.3
      lodash: 4.17.21
      lodash-es: 4.17.21
      lodash-unified: 1.0.2_lodash-es@4.17.21+lodash@4.17.21
      memoize-one: 6.0.0
      normalize-wheel-es: 1.1.1
      vue: 3.2.31
    transitivePeerDependencies:
      - '@types/lodash-es'
      - '@vue/composition-api'
    dev: false

  /emmet/2.3.6:
    resolution: {integrity: sha1-HZPBrAMWTand90hkwfNB7W/2wzY=}
    dependencies:
      '@emmetio/abbreviation': 2.2.3
      '@emmetio/css-abbreviation': 2.1.4
    dev: true

  /entities/2.2.0:
    resolution: {integrity: sha1-CY3JDruD2N/6CJ1VJWs1HTTE2lU=}
    dev: true

  /entities/3.0.1:
    resolution: {integrity: sha1-K4h8piWF6W2zkDSC0zbBAGwwAdQ=}
    engines: {node: '>=0.12'}
    dev: true

  /es-module-lexer/0.10.4:
    resolution: {integrity: sha1-M0phSJuYL9i1Nbpu+Os1f9w5kP4=}
    dev: true

  /esbuild-android-64/0.14.27:
    resolution: {integrity: sha1-uGi72ZVakjCcad9ijY3RlFR4tFw=}
    engines: {node: '>=12'}
    cpu: [x64]
    os: [android]
    requiresBuild: true
    dev: true
    optional: true

  /esbuild-android-arm64/0.14.27:
    resolution: {integrity: sha1-59ZDBVXo6cUF/Ycma7xwnyXxglw=}
    engines: {node: '>=12'}
    cpu: [arm64]
    os: [android]
    requiresBuild: true
    dev: true
    optional: true

  /esbuild-darwin-64/0.14.27:
    resolution: {integrity: sha1-TcdIQSdWTom0RFwKVgo8tQs9aOE=}
    engines: {node: '>=12'}
    cpu: [x64]
    os: [darwin]
    requiresBuild: true
    dev: true
    optional: true

  /esbuild-darwin-arm64/0.14.27:
    resolution: {integrity: sha1-Rp5ZxmX4So7TIxZmJMXnubLSKsE=}
    engines: {node: '>=12'}
    cpu: [arm64]
    os: [darwin]
    requiresBuild: true
    dev: true
    optional: true

  /esbuild-freebsd-64/0.14.27:
    resolution: {integrity: sha1-iV3wO/X4cJSlbJpYFb+S5ZGQPXA=}
    engines: {node: '>=12'}
    cpu: [x64]
    os: [freebsd]
    requiresBuild: true
    dev: true
    optional: true

  /esbuild-freebsd-arm64/0.14.27:
    resolution: {integrity: sha1-C3KkGmuGVemoxWCPLsGv3PaVhEE=}
    engines: {node: '>=12'}
    cpu: [arm64]
    os: [freebsd]
    requiresBuild: true
    dev: true
    optional: true

  /esbuild-linux-32/0.14.27:
    resolution: {integrity: sha1-Q7i6OAOwu+fwUYacaov23h6V3ig=}
    engines: {node: '>=12'}
    cpu: [ia32]
    os: [linux]
    requiresBuild: true
    dev: true
    optional: true

  /esbuild-linux-64/0.14.27:
    resolution: {integrity: sha1-3IByCXMn7PrboXNVYoJM6MBd0L0=}
    engines: {node: '>=12'}
    cpu: [x64]
    os: [linux]
    requiresBuild: true
    dev: true
    optional: true

  /esbuild-linux-arm/0.14.27:
    resolution: {integrity: sha1-34advWfU7joEs8cnO2vSsjPnihg=}
    engines: {node: '>=12'}
    cpu: [arm]
    os: [linux]
    requiresBuild: true
    dev: true
    optional: true

  /esbuild-linux-arm64/0.14.27:
    resolution: {integrity: sha1-xStYy+lIQmsVWZEPUhsKPzlvELg=}
    engines: {node: '>=12'}
    cpu: [arm64]
    os: [linux]
    requiresBuild: true
    dev: true
    optional: true

  /esbuild-linux-mips64le/0.14.27:
    resolution: {integrity: sha1-orZG2d82iwGqlwp7iWi+bdawHRk=}
    engines: {node: '>=12'}
    cpu: [mips64el]
    os: [linux]
    requiresBuild: true
    dev: true
    optional: true

  /esbuild-linux-ppc64le/0.14.27:
    resolution: {integrity: sha1-miGvdmoCkleKMAnHQIuFCcrHzv0=}
    engines: {node: '>=12'}
    cpu: [ppc64]
    os: [linux]
    requiresBuild: true
    dev: true
    optional: true

  /esbuild-linux-riscv64/0.14.27:
    resolution: {integrity: sha1-NEon+RVoBWpZA61YQbRH4A5410A=}
    engines: {node: '>=12'}
    cpu: [riscv64]
    os: [linux]
    requiresBuild: true
    dev: true
    optional: true

  /esbuild-linux-s390x/0.14.27:
    resolution: {integrity: sha1-c6cwm9ZIoH71jwaWWPmJpQlhMNs=}
    engines: {node: '>=12'}
    cpu: [s390x]
    os: [linux]
    requiresBuild: true
    dev: true
    optional: true

  /esbuild-netbsd-64/0.14.27:
    resolution: {integrity: sha1-SCpYfNvRimwmSgUTZZaSfetGwwo=}
    engines: {node: '>=12'}
    cpu: [x64]
    os: [netbsd]
    requiresBuild: true
    dev: true
    optional: true

  /esbuild-openbsd-64/0.14.27:
    resolution: {integrity: sha1-6Z+M3GPxYodHtj7dEk1Tz3eWRo0=}
    engines: {node: '>=12'}
    cpu: [x64]
    os: [openbsd]
    requiresBuild: true
    dev: true
    optional: true

  /esbuild-sunos-64/0.14.27:
    resolution: {integrity: sha1-hhHYJby4I5x41XRS6DJTpxlC9Fw=}
    engines: {node: '>=12'}
    cpu: [x64]
    os: [sunos]
    requiresBuild: true
    dev: true
    optional: true

  /esbuild-windows-32/0.14.27:
    resolution: {integrity: sha1-wGN0IG1Nkt0x1P2imbCfUaNegvY=}
    engines: {node: '>=12'}
    cpu: [ia32]
    os: [win32]
    requiresBuild: true
    dev: true
    optional: true

  /esbuild-windows-64/0.14.27:
    resolution: {integrity: sha1-dWYxwdMB38DRqIfe7SRZzkB5WC8=}
    engines: {node: '>=12'}
    cpu: [x64]
    os: [win32]
    requiresBuild: true
    dev: true
    optional: true

  /esbuild-windows-arm64/0.14.27:
    resolution: {integrity: sha1-rX4YcZPc0YdosWBlqVD0RB1xc/Q=}
    engines: {node: '>=12'}
    cpu: [arm64]
    os: [win32]
    requiresBuild: true
    dev: true
    optional: true

  /esbuild/0.14.27:
    resolution: {integrity: sha1-Qf4PG2toufd8rAJQCbxUu5bmFvE=}
    engines: {node: '>=12'}
    hasBin: true
    requiresBuild: true
    optionalDependencies:
      esbuild-android-64: 0.14.27
      esbuild-android-arm64: 0.14.27
      esbuild-darwin-64: 0.14.27
      esbuild-darwin-arm64: 0.14.27
      esbuild-freebsd-64: 0.14.27
      esbuild-freebsd-arm64: 0.14.27
      esbuild-linux-32: 0.14.27
      esbuild-linux-64: 0.14.27
      esbuild-linux-arm: 0.14.27
      esbuild-linux-arm64: 0.14.27
      esbuild-linux-mips64le: 0.14.27
      esbuild-linux-ppc64le: 0.14.27
      esbuild-linux-riscv64: 0.14.27
      esbuild-linux-s390x: 0.14.27
      esbuild-netbsd-64: 0.14.27
      esbuild-openbsd-64: 0.14.27
      esbuild-sunos-64: 0.14.27
      esbuild-windows-32: 0.14.27
      esbuild-windows-64: 0.14.27
      esbuild-windows-arm64: 0.14.27
    dev: true

  /escape-html/1.0.3:
    resolution: {integrity: sha1-Aljq5NPQwJdN4cFpGI7wBR0dGYg=}
    dev: false

  /estree-walker/2.0.2:
    resolution: {integrity: sha1-UvAQF4wqTBF6d1fP6UKtt9LaTKw=}

  /fast-glob/3.2.11:
    resolution: {integrity: sha1-oRcq2VzrihbiDKpcXlZIDlEpwdk=}
    engines: {node: '>=8.6.0'}
    dependencies:
      '@nodelib/fs.stat': 2.0.5
      '@nodelib/fs.walk': 1.2.8
      glob-parent: 5.1.2
      merge2: 1.4.1
      micromatch: 4.0.4
    dev: true

  /fastq/1.13.0:
    resolution: {integrity: sha1-YWdg+Ip1Jr38WWt8q4wYk4w2uYw=}
    dependencies:
      reusify: 1.0.4
    dev: true

  /fill-range/7.0.1:
    resolution: {integrity: sha1-GRmmp8df44ssfHflGYU12prN2kA=}
    engines: {node: '>=8'}
    dependencies:
      to-regex-range: 5.0.1
    dev: true

  /fsevents/2.3.2:
    resolution: {integrity: sha1-ilJveLj99GI7cJ4Ll1xSwkwC/Ro=}
    engines: {node: ^8.16.0 || ^10.6.0 || >=11.0.0}
    os: [darwin]
    requiresBuild: true
    dev: true
    optional: true

  /function-bind/1.1.1:
    resolution: {integrity: sha1-pWiZ0+o8m6uHS7l3O3xe3pL0iV0=}
    dev: true

  /get-intrinsic/1.1.1:
    resolution: {integrity: sha1-FfWfN2+FXERpY5SPDSTNNje0q8Y=}
    dependencies:
      function-bind: 1.1.1
      has: 1.0.3
      has-symbols: 1.0.3
    dev: true

  /glob-parent/5.1.2:
    resolution: {integrity: sha1-hpgyxYA0/mikCTwX3BXoNA2EAcQ=}
    engines: {node: '>= 6'}
    dependencies:
      is-glob: 4.0.3
    dev: true

  /has-symbols/1.0.3:
    resolution: {integrity: sha1-u3ssQ0klHc6HsSX3vfh0qnyLOfg=}
    engines: {node: '>= 0.4'}
    dev: true

  /has-tostringtag/1.0.0:
    resolution: {integrity: sha1-fhM4GKfTlHNPlB5zw9P5KR5liyU=}
    engines: {node: '>= 0.4'}
    dependencies:
      has-symbols: 1.0.3
    dev: true

  /has/1.0.3:
    resolution: {integrity: sha1-ci18v8H2qoJB8W3YFOAR4fQeh5Y=}
    engines: {node: '>= 0.4.0'}
    dependencies:
      function-bind: 1.1.1
    dev: true

  /html2canvas/1.4.1:
    resolution: {integrity: sha1-fO8YiDEbUBHVB3lKBmBBsUZppUM=}
    engines: {node: '>=8.0.0'}
    dependencies:
      css-line-break: 2.1.0
      text-segmentation: 1.0.3
    dev: false

  /htmlparser2/7.2.0:
    resolution: {integrity: sha1-iBfN6ji7wyQ5KpCxmQkI6Bpl9aU=}
    dependencies:
      domelementtype: 2.2.0
      domhandler: 4.3.0
      domutils: 2.8.0
      entities: 3.0.1
    dev: true

  /immutable/4.0.0:
    resolution: {integrity: sha1-uG943mre82CDle+yaakUYnl+LCM=}
    dev: true

  /is-binary-path/2.1.0:
    resolution: {integrity: sha1-6h9/O4DwZCNug0cPhsCcJU+0Wwk=}
    engines: {node: '>=8'}
    dependencies:
      binary-extensions: 2.2.0
    dev: true

  /is-core-module/2.8.1:
    resolution: {integrity: sha1-9Z/fynAdWHnQprEApAqhVgzichE=}
    dependencies:
      has: 1.0.3
    dev: true

  /is-expression/4.0.0:
    resolution: {integrity: sha1-wzFVliq/IdCv0lUlFNZ9LsFv0qs=}
    dependencies:
      acorn: 7.4.1
      object-assign: 4.1.1
    dev: true

  /is-extglob/2.1.1:
    resolution: {integrity: sha1-qIwCU1eR8C7TfHahueqXc8gz+MI=}
    engines: {node: '>=0.10.0'}
    dev: true

  /is-glob/4.0.3:
    resolution: {integrity: sha1-ZPYeQsu7LuwgcanawLKLoeZdUIQ=}
    engines: {node: '>=0.10.0'}
    dependencies:
      is-extglob: 2.1.1
    dev: true

  /is-number/7.0.0:
    resolution: {integrity: sha1-dTU0W4lnNNX4DE0GxQlVUnoU8Ss=}
    engines: {node: '>=0.12.0'}
    dev: true

  /is-promise/2.2.2:
    resolution: {integrity: sha1-OauVnMv5p3TPB597QMeib3YxNfE=}
    dev: true

  /is-regex/1.1.4:
    resolution: {integrity: sha1-7vVmPNWfpMCuM5UFMj32hUuxWVg=}
    engines: {node: '>= 0.4'}
    dependencies:
      call-bind: 1.0.2
      has-tostringtag: 1.0.0
    dev: true

  /js-stringify/1.0.2:
    resolution: {integrity: sha1-Fzb939lyTyijaCrcYjCufk6Weds=}
    dev: true

  /jsonc-parser/2.3.1:
    resolution: {integrity: sha1-WVSRULEz8u+sykj+nOHsBlmvI0I=}
    dev: true

  /jsonc-parser/3.0.0:
    resolution: {integrity: sha1-q914VwHH5+rKip7IzwcMpRp0WiI=}
    dev: true

  /jstransformer/1.0.0:
    resolution: {integrity: sha1-7Yvwkh4vPx7U1cGkT2hwntJHIsM=, tarball: jstransformer/download/jstransformer-1.0.0.tgz}
    dependencies:
      is-promise: 2.2.2
      promise: 7.3.1
    dev: true

  /local-pkg/0.4.1:
    resolution: {integrity: sha1-57DXqgucSYoREKWsWwC6Zu84z/8=}
    engines: {node: '>=14'}
    dev: true

  /lodash-es/4.17.21:
    resolution: {integrity: sha1-Q+YmxG5lkbd1C+srUBFzkMYJ4+4=}
    dev: false

  /lodash-unified/1.0.2_lodash-es@4.17.21+lodash@4.17.21:
    resolution: {integrity: sha1-uyaU2zUzeB5czphK9gz66jGLg8E=}
    peerDependencies:
      '@types/lodash-es': '*'
      lodash: '*'
      lodash-es: '*'
    dependencies:
      lodash: 4.17.21
      lodash-es: 4.17.21
    dev: false

  /lodash/4.17.21:
    resolution: {integrity: sha1-Z5WRxWTDv/quhFTPCz3zcMPWkRw=}
    dev: false

  /lru-cache/6.0.0:
    resolution: {integrity: sha1-bW/mVw69lqr5D8rR2vo7JWbbOpQ=}
    engines: {node: '>=10'}
    dependencies:
      yallist: 4.0.0
    dev: true

  /magic-string/0.25.9:
    resolution: {integrity: sha1-3n+fr5HvihyR0CwuUxTIJ3283Rw=}
    dependencies:
      sourcemap-codec: 1.4.8
    dev: false

  /magic-string/0.26.1:
    resolution: {integrity: sha1-uptlE1T6lRJHQZms7PnG2+k/l/0=}
    engines: {node: '>=12'}
    dependencies:
      sourcemap-codec: 1.4.8
    dev: true

  /memoize-one/6.0.0:
    resolution: {integrity: sha1-slkbhx7YKUiu5HJ9xqvO7qyMEEU=}
    dev: false

  /merge2/1.4.1:
    resolution: {integrity: sha1-Q2iJL4hekHRVpv19xVwMnUBJkK4=}
    engines: {node: '>= 8'}
    dev: true

  /micromatch/4.0.4:
    resolution: {integrity: sha1-iW1Rnf6dsl/OlM63pQCRm/iB6/k=}
    engines: {node: '>=8.6'}
    dependencies:
      braces: 3.0.2
      picomatch: 2.3.1
    dev: true

  /minimatch/5.0.1:
    resolution: {integrity: sha1-+5Ai91KBJRh8kr2em2NmvhzzQVs=}
    engines: {node: '>=10'}
    dependencies:
      brace-expansion: 2.0.1
    dev: true

  /ms/2.1.2:
    resolution: {integrity: sha1-0J0fNXtEP0kzgqjrPM0YOHKuYAk=, tarball: ms/download/ms-2.1.2.tgz}
    dev: true

  /nanoid/3.3.1:
    resolution: {integrity: sha1-Y0ehjKyIr4j1ivCzWUtyPV6ZuzU=}
    engines: {node: ^10 || ^12 || ^13.7 || ^14 || >=15.0.1}
    hasBin: true

  /normalize-path/3.0.0:
    resolution: {integrity: sha1-Dc1p/yOhybEf0JeDFmRKA4ghamU=}
    engines: {node: '>=0.10.0'}
    dev: true

  /normalize-wheel-es/1.1.1:
    resolution: {integrity: sha1-qAlttqVvlDMtiE/Y6+2ojy/HlWk=}
    dev: false

  /object-assign/4.1.1:
    resolution: {integrity: sha1-IQmtx5ZYh8/AXLvUQsrIv7s2CGM=}
    engines: {node: '>=0.10.0'}
    dev: true

  /path-parse/1.0.7:
    resolution: {integrity: sha1-+8EUtgykKzDZ2vWFjkvWi77bZzU=}
    dev: true

  /picocolors/1.0.0:
    resolution: {integrity: sha1-y1vcdP8/UYkiNur3nWi8RFZKuBw=}

  /picomatch/2.3.1:
    resolution: {integrity: sha1-O6ODNzNkbZ0+SZWUbBNlpn+wekI=}
    engines: {node: '>=8.6'}
    dev: true

  /postcss/8.4.11:
    resolution: {integrity: sha1-oGIp8jggtN3UZQCj4428oVmKjo0=}
    engines: {node: ^10 || ^12 || >=14}
    dependencies:
      nanoid: 3.3.1
      picocolors: 1.0.0
      source-map-js: 1.0.2

  /promise/7.3.1:
    resolution: {integrity: sha1-BktyYCsY+Q8pGSuLG8QY/9Hr078=}
    dependencies:
      asap: 2.0.6
    dev: true

  /pug-attrs/3.0.0:
    resolution: {integrity: sha1-sQRR4DSBZeMfrRzCPr3dncc0fEE=}
    dependencies:
      constantinople: 4.0.1
      js-stringify: 1.0.2
      pug-runtime: 3.0.1
    dev: true

  /pug-code-gen/3.0.2:
    resolution: {integrity: sha1-rRkPSUMTO/GGtguA3kgxAOEy4s4=}
    dependencies:
      constantinople: 4.0.1
      doctypes: 1.1.0
      js-stringify: 1.0.2
      pug-attrs: 3.0.0
      pug-error: 2.0.0
      pug-runtime: 3.0.1
      void-elements: 3.1.0
      with: 7.0.2
    dev: true

  /pug-error/2.0.0:
    resolution: {integrity: sha1-XGIXPLCcNN4qLOBPF7it/sdNjKU=}
    dev: true

  /pug-filters/4.0.0:
    resolution: {integrity: sha1-0+Sa9bqEcum3pm2YDnB86dLMm14=}
    dependencies:
      constantinople: 4.0.1
      jstransformer: 1.0.0
      pug-error: 2.0.0
      pug-walk: 2.0.0
      resolve: 1.22.0
    dev: true

  /pug-lexer/5.0.1:
    resolution: {integrity: sha1-rkRijFvvmxkLZlaDsojKkCS4sNU=}
    dependencies:
      character-parser: 2.2.0
      is-expression: 4.0.0
      pug-error: 2.0.0
    dev: true

  /pug-linker/4.0.0:
    resolution: {integrity: sha1-EsvAWU/Fo+Brn8Web5PBRpYqdwg=}
    dependencies:
      pug-error: 2.0.0
      pug-walk: 2.0.0
    dev: true

  /pug-load/3.0.0:
    resolution: {integrity: sha1-n9nNpSICsIrbEdJWgfufNL1BtmI=}
    dependencies:
      object-assign: 4.1.1
      pug-walk: 2.0.0
    dev: true

  /pug-parser/6.0.0:
    resolution: {integrity: sha1-qP3ANYY6lbLB3F6/Ts+AtOdqEmA=}
    dependencies:
      pug-error: 2.0.0
      token-stream: 1.0.0
    dev: true

  /pug-runtime/3.0.1:
    resolution: {integrity: sha1-9jaXYgRyPzWoxfb61qzaKhkbg9c=}
    dev: true

  /pug-strip-comments/2.0.0:
    resolution: {integrity: sha1-+UsH/WtJVSMzD0kKf1VLT/h2MD4=}
    dependencies:
      pug-error: 2.0.0
    dev: true

  /pug-walk/2.0.0:
    resolution: {integrity: sha1-QXqrwpIyu0SZtbUGmistKiTV9f4=}
    dev: true

  /pug/3.0.2:
    resolution: {integrity: sha1-81xxBzQ0VOQ7wnrg/3bHMbeOpTU=}
    dependencies:
      pug-code-gen: 3.0.2
      pug-filters: 4.0.0
      pug-lexer: 5.0.1
      pug-linker: 4.0.0
      pug-load: 3.0.0
      pug-parser: 6.0.0
      pug-runtime: 3.0.1
      pug-strip-comments: 2.0.0
    dev: true

  /queue-microtask/1.2.3:
    resolution: {integrity: sha1-SSkii7xyTfrEPg77BYyve2z7YkM=}
    dev: true

  /readdirp/3.6.0:
    resolution: {integrity: sha1-dKNwvYVxFuJFspzJc0DNQxoCpsc=}
    engines: {node: '>=8.10.0'}
    dependencies:
      picomatch: 2.3.1
    dev: true

  /request-light/0.5.7:
    resolution: {integrity: sha1-HESMIhU7VdLNJ460FN8kpa1ubV4=}
    dev: true

  /resolve/1.22.0:
    resolution: {integrity: sha1-XguMZ8Fd9XqJvbq+YDoALyFzEZg=}
    hasBin: true
    dependencies:
      is-core-module: 2.8.1
      path-parse: 1.0.7
      supports-preserve-symlinks-flag: 1.0.0
    dev: true

  /reusify/1.0.4:
    resolution: {integrity: sha1-kNo4Kx4SbvwCFG6QhFqI2xKSXXY=}
    engines: {iojs: '>=1.0.0', node: '>=0.10.0'}
    dev: true

  /rollup/2.70.1:
    resolution: {integrity: sha1-gksfH4eeo5bbMLD8OujS/q2TUj4=}
    engines: {node: '>=10.0.0'}
    hasBin: true
    optionalDependencies:
      fsevents: 2.3.2
    dev: true

  /run-parallel/1.2.0:
    resolution: {integrity: sha1-ZtE2jae9+SHrnZW9GpIp5/IaQ+4=}
    dependencies:
      queue-microtask: 1.2.3
    dev: true

  /sass/1.49.9:
    resolution: {integrity: sha1-sVoYnssMqeJGNLrl0evBkYCXEvk=}
    engines: {node: '>=12.0.0'}
    hasBin: true
    dependencies:
      chokidar: 3.5.3
      immutable: 4.0.0
      source-map-js: 1.0.2
    dev: true

  /semver/7.3.5:
    resolution: {integrity: sha1-C2Ich5NI2JmOSw5L6Us/EuYBjvc=}
    engines: {node: '>=10'}
    hasBin: true
    dependencies:
      lru-cache: 6.0.0
    dev: true

  /source-map-js/1.0.2:
    resolution: {integrity: sha1-rbw2HZxi3zgBJefxYfccgm8eSQw=}
    engines: {node: '>=0.10.0'}

  /source-map/0.6.1:
    resolution: {integrity: sha1-dHIq8y6WFOnCh6jQu95IteLxomM=}
    engines: {node: '>=0.10.0'}

  /sourcemap-codec/1.4.8:
    resolution: {integrity: sha1-6oBL2UhXQC5pktBaOO8a41qatMQ=}

  /supports-preserve-symlinks-flag/1.0.0:
    resolution: {integrity: sha1-btpL00SjyUrqN21MwxvHcxEDngk=}
    engines: {node: '>= 0.4'}
    dev: true

  /text-segmentation/1.0.3:
    resolution: {integrity: sha1-UqOIFZ7//nRrJKY7oxG2rJ8teUM=}
    dependencies:
      utrie: 1.0.2
    dev: false

  /to-fast-properties/2.0.0:
    resolution: {integrity: sha1-3F5pjL0HkmW8c+A3doGk5Og/YW4=}
    engines: {node: '>=4'}
    dev: true

  /to-regex-range/5.0.1:
    resolution: {integrity: sha1-FkjESq58jZiKMmAY7XL1tN0DkuQ=}
    engines: {node: '>=8.0'}
    dependencies:
      is-number: 7.0.0
    dev: true

  /token-stream/1.0.0:
    resolution: {integrity: sha1-zCAOqyYT9BZtJ/+a/HylbUnfbrQ=, tarball: token-stream/download/token-stream-1.0.0.tgz}
    dev: true

  /typescript/4.6.2:
    resolution: {integrity: sha1-/hLScntwj07vQPUVmLM5i6qWEdQ=}
    engines: {node: '>=4.2.0'}
    hasBin: true
    dev: true

  /unplugin-auto-import/0.6.6_vite@2.8.6:
    resolution: {integrity: sha1-Jne3IkW0dvTg+G/AUdq4poeIu7A=}
    engines: {node: '>=14'}
    peerDependencies:
      '@vueuse/core': '*'
    peerDependenciesMeta:
      '@vueuse/core':
        optional: true
    dependencies:
      '@antfu/utils': 0.5.0
      '@rollup/pluginutils': 4.2.0
      local-pkg: 0.4.1
      magic-string: 0.26.1
      resolve: 1.22.0
      unplugin: 0.4.0_vite@2.8.6
    transitivePeerDependencies:
      - esbuild
      - rollup
      - vite
      - webpack
    dev: true

  /unplugin-element-plus/0.3.2_vite@2.8.6:
    resolution: {integrity: sha1-Pv0ty9Z4/MJf3UEFcI2T00f1BC8=}
    engines: {node: '>=12.20.0'}
    dependencies:
      '@rollup/pluginutils': 4.2.0
      es-module-lexer: 0.10.4
      magic-string: 0.26.1
      unplugin: 0.3.3_vite@2.8.6
    transitivePeerDependencies:
      - esbuild
      - rollup
      - vite
      - webpack
    dev: true

  /unplugin-vue-components/0.18.4_vite@2.8.6+vue@3.2.31:
    resolution: {integrity: sha1-+DXirqA8r+fWJTfVzX4dr14BP7s=}
    engines: {node: '>=14'}
    peerDependencies:
      '@babel/parser': ^7.15.8
      '@babel/traverse': ^7.15.4
      vue: 2 || 3
    peerDependenciesMeta:
      '@babel/parser':
        optional: true
      '@babel/traverse':
        optional: true
    dependencies:
      '@antfu/utils': 0.5.0
      '@rollup/pluginutils': 4.2.0
      chokidar: 3.5.3
      debug: 4.3.4
      fast-glob: 3.2.11
      local-pkg: 0.4.1
      magic-string: 0.26.1
      minimatch: 5.0.1
      resolve: 1.22.0
      unplugin: 0.4.0_vite@2.8.6
      vue: 3.2.31
    transitivePeerDependencies:
      - esbuild
      - rollup
      - supports-color
      - vite
      - webpack
    dev: true

  /unplugin/0.3.3_vite@2.8.6:
    resolution: {integrity: sha1-6bFI+Eyr715lKfIyoQ5nSnwCCTA=}
    peerDependencies:
      esbuild: '>=0.13'
      rollup: ^2.50.0
      vite: ^2.3.0
      webpack: 4 || 5
    peerDependenciesMeta:
      esbuild:
        optional: true
      rollup:
        optional: true
      vite:
        optional: true
      webpack:
        optional: true
    dependencies:
      vite: 2.8.6_sass@1.49.9
      webpack-virtual-modules: 0.4.3
    dev: true

  /unplugin/0.4.0_vite@2.8.6:
    resolution: {integrity: sha1-Q6kj8CZ/iDQRipJsQGEx0dhKE1g=}
    peerDependencies:
      esbuild: '>=0.13'
      rollup: ^2.50.0
      vite: ^2.3.0
      webpack: 4 || 5
    peerDependenciesMeta:
      esbuild:
        optional: true
      rollup:
        optional: true
      vite:
        optional: true
      webpack:
        optional: true
    dependencies:
      chokidar: 3.5.3
      vite: 2.8.6_sass@1.49.9
      webpack-virtual-modules: 0.4.3
    dev: true

  /upath/2.0.1:
    resolution: {integrity: sha1-UMc96mjW9rmQ9R0nnOYIFmXWGos=}
    engines: {node: '>=4'}
    dev: true

  /utrie/1.0.2:
    resolution: {integrity: sha1-1C/kTem8ARnCXef1ZKbtGyyHpkU=}
    dependencies:
      base64-arraybuffer: 1.0.2
    dev: false

  /vite/2.8.6_sass@1.49.9:
    resolution: {integrity: sha1-MtUOI8mcoxsmuMzceLHXLU1zI9M=}
    engines: {node: '>=12.2.0'}
    hasBin: true
    peerDependencies:
      less: '*'
      sass: '*'
      stylus: '*'
    peerDependenciesMeta:
      less:
        optional: true
      sass:
        optional: true
      stylus:
        optional: true
    dependencies:
      esbuild: 0.14.27
      postcss: 8.4.11
      resolve: 1.22.0
      rollup: 2.70.1
      sass: 1.49.9
    optionalDependencies:
      fsevents: 2.3.2
    dev: true

  /void-elements/3.1.0:
    resolution: {integrity: sha1-YU9/v42AHwu18GYfWy9XhXUOTwk=}
    engines: {node: '>=0.10.0'}
    dev: true

  /vscode-css-languageservice/5.1.13:
    resolution: {integrity: sha1-3rx8g2giOyEac0y363eJxYbT4tk=}
    dependencies:
      vscode-languageserver-textdocument: 1.0.4
      vscode-languageserver-types: 3.16.0
      vscode-nls: 5.0.0
      vscode-uri: 3.0.3
    dev: true

  /vscode-html-languageservice/4.2.2:
    resolution: {integrity: sha1-5YC48isbjB3A1qrtpahh+LQSDk4=}
    dependencies:
      vscode-languageserver-textdocument: 1.0.4
      vscode-languageserver-types: 3.16.0
      vscode-nls: 5.0.0
      vscode-uri: 3.0.3
    dev: true

  /vscode-json-languageservice/4.2.0:
    resolution: {integrity: sha1-3waTtpui+/CmrdiWCHtvHJw48Go=}
    dependencies:
      jsonc-parser: 3.0.0
      vscode-languageserver-textdocument: 1.0.4
      vscode-languageserver-types: 3.16.0
      vscode-nls: 5.0.0
      vscode-uri: 3.0.3
    dev: true

  /vscode-jsonrpc/8.0.0-next.7:
    resolution: {integrity: sha1-aBnukrP0OUO5NfEbgU2OCL2rrTU=}
    engines: {node: '>=14.0.0'}
    dev: true

  /vscode-languageserver-protocol/3.17.0-next.15:
    resolution: {integrity: sha1-abelL7ZpcHGbYo3ZyRklgg8v07c=}
    dependencies:
      vscode-jsonrpc: 8.0.0-next.7
      vscode-languageserver-types: 3.17.0-next.8
    dev: true

  /vscode-languageserver-textdocument/1.0.4:
    resolution: {integrity: sha1-PNVt0UzsHQnobEuwSwmiRss98Vc=}
    dev: true

  /vscode-languageserver-types/3.16.0:
    resolution: {integrity: sha1-7POT/BIexpdLLaPvsxVWRMUU4kc=}
    dev: true

  /vscode-languageserver-types/3.17.0-next.8:
    resolution: {integrity: sha1-6GGe6RMZmkf3qcCI7GOhvVnbPd0=}
    dev: true

  /vscode-languageserver/8.0.0-next.9:
    resolution: {integrity: sha1-LZwQ0Prv0gALts95Uw1Ro1v5W08=}
    hasBin: true
    dependencies:
      vscode-languageserver-protocol: 3.17.0-next.15
    dev: true

  /vscode-nls/5.0.0:
    resolution: {integrity: sha1-mfDaC9nqfNpE5WWnTFSx8rwleEA=}
    dev: true

  /vscode-pug-languageservice/0.29.8:
    resolution: {integrity: sha1-PZX5dLwnPd2PWo+106yAZLLcY9E=, tarball: vscode-pug-languageservice/download/vscode-pug-languageservice-0.29.8.tgz}
    dependencies:
      '@volar/code-gen': 0.29.8
      '@volar/shared': 0.29.8
      '@volar/source-map': 0.29.8
      '@volar/transforms': 0.29.8
      pug-lexer: 5.0.1
      pug-parser: 6.0.0
      vscode-languageserver: 8.0.0-next.9
    dev: true

  /vscode-typescript-languageservice/0.29.8:
    resolution: {integrity: sha1-NwVy6Mmci4GQczpL/BtFxfkaoEQ=, tarball: vscode-typescript-languageservice/download/vscode-typescript-languageservice-0.29.8.tgz}
    dependencies:
      '@volar/shared': 0.29.8
      semver: 7.3.5
      upath: 2.0.1
      vscode-languageserver: 8.0.0-next.9
      vscode-languageserver-textdocument: 1.0.4
    dev: true

  /vscode-uri/2.1.2:
    resolution: {integrity: sha1-yNQN6T61evMfPHFd1lDiyiwJbxw=}
    dev: true

  /vscode-uri/3.0.3:
    resolution: {integrity: sha1-qVwc4ub0G3VJ+GJ50Z9HlR5PTYQ=}
    dev: true

  /vscode-vue-languageservice/0.29.8:
    resolution: {integrity: sha1-bVmqtPuUIVuZtvfQ4qtzur05jQU=, tarball: vscode-vue-languageservice/download/vscode-vue-languageservice-0.29.8.tgz}
    dependencies:
      '@volar/code-gen': 0.29.8
      '@volar/html2pug': 0.29.8
      '@volar/shared': 0.29.8
      '@volar/source-map': 0.29.8
      '@volar/transforms': 0.29.8
      '@volar/vue-code-gen': 0.29.8
      '@vscode/emmet-helper': 2.8.4
      '@vue/reactivity': 3.2.31
      '@vue/shared': 3.2.31
      request-light: 0.5.7
      upath: 2.0.1
      vscode-css-languageservice: 5.1.13
      vscode-html-languageservice: 4.2.2
      vscode-json-languageservice: 4.2.0
      vscode-languageserver: 8.0.0-next.9
      vscode-languageserver-textdocument: 1.0.4
      vscode-pug-languageservice: 0.29.8
      vscode-typescript-languageservice: 0.29.8
    dev: true

  /vue-demi/0.12.4_vue@3.2.31:
    resolution: {integrity: sha1-Qg3Rdij5Xxu84RAq08UQdHE6gEk=}
    engines: {node: '>=12'}
    hasBin: true
    requiresBuild: true
    peerDependencies:
      '@vue/composition-api': ^1.0.0-rc.1
      vue: ^3.0.0-0 || ^2.6.0
    peerDependenciesMeta:
      '@vue/composition-api':
        optional: true
    dependencies:
      vue: 3.2.31
    dev: false

  /vue-tsc/0.29.8_typescript@4.6.2:
    resolution: {integrity: sha1-9NjeXdh1YQfIeEicz5F40tcv/0c=}
    hasBin: true
    peerDependencies:
      typescript: '*'
    dependencies:
      '@volar/shared': 0.29.8
      typescript: 4.6.2
      vscode-vue-languageservice: 0.29.8
    dev: true

  /vue/3.2.31:
    resolution: {integrity: sha1-4MSZJDNenxiDUoFniKTMoQ+BfOY=}
    dependencies:
      '@vue/compiler-dom': 3.2.31
      '@vue/compiler-sfc': 3.2.31
      '@vue/runtime-dom': 3.2.31
      '@vue/server-renderer': 3.2.31_vue@3.2.31
      '@vue/shared': 3.2.31
    dev: false

  /webpack-virtual-modules/0.4.3:
    resolution: {integrity: sha1-zVl8bVHVpey0c+6hmDpY+ooX3tk=}
    dev: true

  /with/7.0.2:
    resolution: {integrity: sha1-zO461ULSVTinp6gKrSErmChJW6w=}
    engines: {node: '>= 10.0.0'}
    dependencies:
      '@babel/parser': 7.17.7
      '@babel/types': 7.17.0
      assert-never: 1.2.1
      babel-walk: 3.0.0-canary-5
    dev: true

  /yallist/4.0.0:
    resolution: {integrity: sha1-m7knkNnA7/7GO+c1GeEaNQGaOnI=}
    dev: true
